
Microsoft Visual Studio Solution File, Format Version 12.00
# Visual Studio Version 16
VisualStudioVersion = 16.0.29411.108
MinimumVisualStudioVersion = 10.0.40219.1
Project("{9A19103F-16F7-4668-BE54-9A1E7A4F7556}") = "MaoRedisLib", "MaoRedisLib\MaoRedisLib.csproj", "{21FA4487-E791-4F60-B9BB-3F12E7CB963B}"
EndProject
Project("{9A19103F-16F7-4668-BE54-9A1E7A4F7556}") = "TestApp", "TestApp\TestApp.csproj", "{4C33E63E-9590-49A4-B75A-C0E98475735A}"
EndProject
Project("{9A19103F-16F7-4668-BE54-9A1E7A4F7556}") = "MaoRedisMianBan", "MaoRedisMianBan\MaoRedisMianBan.csproj", "{4BB4CA11-5663-42C8-A8C7-83E89C5EF856}"
EndProject
Global
	GlobalSection(SolutionConfigurationPlatforms) = preSolution
		Debug|Any CPU = Debug|Any CPU
		Release|Any CPU = Release|Any CPU
	EndGlobalSection
	GlobalSection(ProjectConfigurationPlatforms) = postSolution
		{21FA4487-E791-4F60-B9BB-3F12E7CB963B}.Debug|Any CPU.ActiveCfg = Debug|Any CPU
		{21FA4487-E791-4F60-B9BB-3F12E7CB963B}.Debug|Any CPU.Build.0 = Debug|Any CPU
		{21FA4487-E791-4F60-B9BB-3F12E7CB963B}.Release|Any CPU.ActiveCfg = Release|Any CPU
		{21FA4487-E791-4F60-B9BB-3F12E7CB963B}.Release|Any CPU.Build.0 = Release|Any CPU
		{4C33E63E-9590-49A4-B75A-C0E98475735A}.Debug|Any CPU.ActiveCfg = Debug|Any CPU
		{4C33E63E-9590-49A4-B75A-C0E98475735A}.Debug|Any CPU.Build.0 = Debug|Any CPU
		{4C33E63E-9590-49A4-B75A-C0E98475735A}.Release|Any CPU.ActiveCfg = Release|Any CPU
		{4C33E63E-9590-49A4-B75A-C0E98475735A}.Release|Any CPU.Build.0 = Release|Any CPU
		{4BB4CA11-5663-42C8-A8C7-83E89C5EF856}.Debug|Any CPU.ActiveCfg = Debug|Any CPU
		{4BB4CA11-5663-42C8-A8C7-83E89C5EF856}.Debug|Any CPU.Build.0 = Debug|Any CPU
		{4BB4CA11-5663-42C8-A8C7-83E89C5EF856}.Release|Any CPU.ActiveCfg = Release|Any CPU
		{4BB4CA11-5663-42C8-A8C7-83E89C5EF856}.Release|Any CPU.Build.0 = Release|Any CPU
	EndGlobalSection
	GlobalSection(SolutionProperties) = preSolution
		HideSolutionNode = FALSE
	EndGlobalSection
	GlobalSection(ExtensibilityGlobals) = postSolution
		SolutionGuid = {7BD13089-7B9B-42E1-8050-99631128BA9E}
	EndGlobalSection
EndGlobal
